// !$*UTF8*$!
{
	archiveVersion = 1;
	classes = {
	};
	objectVersion = 46;
	objects = {

/* Begin PBXBuildFile section */
		EA339EB71A75BF0300FED4B8 /* AppDelegate.swift in Sources */ = {isa = PBXBuildFile; fileRef = EA339EB61A75BF0300FED4B8 /* AppDelegate.swift */; };
		EA339EBE1A75BF0300FED4B8 /* Main.storyboard in Resources */ = {isa = PBXBuildFile; fileRef = EA339EBC1A75BF0300FED4B8 /* Main.storyboard */; };
		EA339EC01A75BF0400FED4B8 /* Images.xcassets in Resources */ = {isa = PBXBuildFile; fileRef = EA339EBF1A75BF0400FED4B8 /* Images.xcassets */; };
		EA339EC31A75BF0400FED4B8 /* LaunchScreen.xib in Resources */ = {isa = PBXBuildFile; fileRef = EA339EC11A75BF0400FED4B8 /* LaunchScreen.xib */; };
		EA339ECF1A75BF0400FED4B8 /* Rubik_s_TimerTests.swift in Sources */ = {isa = PBXBuildFile; fileRef = EA339ECE1A75BF0400FED4B8 /* Rubik_s_TimerTests.swift */; };
		EA7BA01B1ACB90C100CF700F /* TimerViewController.swift in Sources */ = {isa = PBXBuildFile; fileRef = EA7BA01A1ACB90C100CF700F /* TimerViewController.swift */; };
		EA7BA01F1ACB937600CF700F /* TimerStateMachine.swift in Sources */ = {isa = PBXBuildFile; fileRef = EA7BA01E1ACB937600CF700F /* TimerStateMachine.swift */; };
/* End PBXBuildFile section */

/* Begin PBXContainerItemProxy section */
		EA339EC91A75BF0400FED4B8 /* PBXContainerItemProxy */ = {
			isa = PBXContainerItemProxy;
			containerPortal = EA339EA91A75BF0300FED4B8 /* Project object */;
			proxyType = 1;
			remoteGlobalIDString = EA339EB01A75BF0300FED4B8;
			remoteInfo = "Rubik's Timer";
		};
/* End PBXContainerItemProxy section */

/* Begin PBXFileReference section */
		EA339EB11A75BF0300FED4B8 /* Rubik's Timer.app */ = {isa = PBXFileReference; explicitFileType = wrapper.application; includeInIndex = 0; path = "Rubik's Timer.app"; sourceTree = BUILT_PRODUCTS_DIR; };
		EA339EB51A75BF0300FED4B8 /* Info.plist */ = {isa = PBXFileReference; lastKnownFileType = text.plist.xml; path = Info.plist; sourceTree = "<group>"; };
		EA339EB61A75BF0300FED4B8 /* AppDelegate.swift */ = {isa = PBXFileReference; lastKnownFileType = sourcecode.swift; path = AppDelegate.swift; sourceTree = "<group>"; };
		EA339EBD1A75BF0300FED4B8 /* Base */ = {isa = PBXFileReference; lastKnownFileType = file.storyboard; name = Base; path = Base.lproj/Main.storyboard; sourceTree = "<group>"; };
		EA339EBF1A75BF0400FED4B8 /* Images.xcassets */ = {isa = PBXFileReference; lastKnownFileType = folder.assetcatalog; path = Images.xcassets; sourceTree = "<group>"; };
		EA339EC21A75BF0400FED4B8 /* Base */ = {isa = PBXFileReference; lastKnownFileType = file.xib; name = Base; path = Base.lproj/LaunchScreen.xib; sourceTree = "<group>"; };
		EA339EC81A75BF0400FED4B8 /* Rubik's TimerTests.xctest */ = {isa = PBXFileReference; explicitFileType = wrapper.cfbundle; includeInIndex = 0; path = "Rubik's TimerTests.xctest"; sourceTree = BUILT_PRODUCTS_DIR; };
		EA339ECD1A75BF0400FED4B8 /* Info.plist */ = {isa = PBXFileReference; lastKnownFileType = text.plist.xml; path = Info.plist; sourceTree = "<group>"; };
		EA339ECE1A75BF0400FED4B8 /* Rubik_s_TimerTests.swift */ = {isa = PBXFileReference; lastKnownFileType = sourcecode.swift; path = Rubik_s_TimerTests.swift; sourceTree = "<group>"; };
		EA7BA01A1ACB90C100CF700F /* TimerViewController.swift */ = {isa = PBXFileReference; fileEncoding = 4; lastKnownFileType = sourcecode.swift; path = TimerViewController.swift; sourceTree = "<group>"; };
		EA7BA01E1ACB937600CF700F /* TimerStateMachine.swift */ = {isa = PBXFileReference; fileEncoding = 4; lastKnownFileType = sourcecode.swift; path = TimerStateMachine.swift; sourceTree = "<group>"; };
/* End PBXFileReference section */

/* Begin PBXFrameworksBuildPhase section */
		EA339EAE1A75BF0300FED4B8 /* Frameworks */ = {
			isa = PBXFrameworksBuildPhase;
			buildActionMask = 2147483647;
			files = (
			);
			runOnlyForDeploymentPostprocessing = 0;
		};
		EA339EC51A75BF0400FED4B8 /* Frameworks */ = {
			isa = PBXFrameworksBuildPhase;
			buildActionMask = 2147483647;
			files = (
			);
			runOnlyForDeploymentPostprocessing = 0;
		};
/* End PBXFrameworksBuildPhase section */

/* Begin PBXGroup section */
		EA339EA81A75BF0300FED4B8 = {
			isa = PBXGroup;
			children = (
				EA339EB31A75BF0300FED4B8 /* Rubik's Timer */,
				EA339ECB1A75BF0400FED4B8 /* Rubik's TimerTests */,
				EA339EB21A75BF0300FED4B8 /* Products */,
			);
			sourceTree = "<group>";
		};
		EA339EB21A75BF0300FED4B8 /* Products */ = {
			isa = PBXGroup;
			children = (
				EA339EB11A75BF0300FED4B8 /* Rubik's Timer.app */,
				EA339EC81A75BF0400FED4B8 /* Rubik's TimerTests.xctest */,
			);
			name = Products;
			sourceTree = "<group>";
		};
		EA339EB31A75BF0300FED4B8 /* Rubik's Timer */ = {
			isa = PBXGroup;
			children = (
				EA7BA01C1ACB92FF00CF700F /* Timer */,
				EA7BA01D1ACB936700CF700F /* Utilities */,
				EA339EBC1A75BF0300FED4B8 /* Main.storyboard */,
				EA339EBF1A75BF0400FED4B8 /* Images.xcassets */,
				EA339EB41A75BF0300FED4B8 /* Supporting Files */,
			);
			path = "Rubik's Timer";
			sourceTree = "<group>";
		};
		EA339EB41A75BF0300FED4B8 /* Supporting Files */ = {
			isa = PBXGroup;
			children = (
				EA339EC11A75BF0400FED4B8 /* LaunchScreen.xib */,
				EA339EB61A75BF0300FED4B8 /* AppDelegate.swift */,
				EA339EB51A75BF0300FED4B8 /* Info.plist */,
			);
			name = "Supporting Files";
			sourceTree = "<group>";
		};
		EA339ECB1A75BF0400FED4B8 /* Rubik's TimerTests */ = {
			isa = PBXGroup;
			children = (
				EA339ECE1A75BF0400FED4B8 /* Rubik_s_TimerTests.swift */,
				EA339ECC1A75BF0400FED4B8 /* Supporting Files */,
			);
			path = "Rubik's TimerTests";
			sourceTree = "<group>";
		};
		EA339ECC1A75BF0400FED4B8 /* Supporting Files */ = {
			isa = PBXGroup;
			children = (
				EA339ECD1A75BF0400FED4B8 /* Info.plist */,
			);
			name = "Supporting Files";
			sourceTree = "<group>";
		};
		EA7BA01C1ACB92FF00CF700F /* Timer */ = {
			isa = PBXGroup;
			children = (
				EA7BA01A1ACB90C100CF700F /* TimerViewController.swift */,
			);
			name = Timer;
			sourceTree = "<group>";
		};
		EA7BA01D1ACB936700CF700F /* Utilities */ = {
			isa = PBXGroup;
			children = (
				EA7BA01E1ACB937600CF700F /* TimerStateMachine.swift */,
			);
			name = Utilities;
			sourceTree = "<group>";
		};
/* End PBXGroup section */

/* Begin PBXNativeTarget section */
		EA339EB01A75BF0300FED4B8 /* Rubik's Timer */ = {
			isa = PBXNativeTarget;
			buildConfigurationList = EA339ED21A75BF0400FED4B8 /* Build configuration list for PBXNativeTarget "Rubik's Timer" */;
			buildPhases = (
				EA339EAD1A75BF0300FED4B8 /* Sources */,
				EA339EAE1A75BF0300FED4B8 /* Frameworks */,
				EA339EAF1A75BF0300FED4B8 /* Resources */,
			);
			buildRules = (
			);
			dependencies = (
			);
			name = "Rubik's Timer";
			productName = "Rubik's Timer";
			productReference = EA339EB11A75BF0300FED4B8 /* Rubik's Timer.app */;
			productType = "com.apple.product-type.application";
		};
		EA339EC71A75BF0400FED4B8 /* Rubik's TimerTests */ = {
			isa = PBXNativeTarget;
			buildConfigurationList = EA339ED51A75BF0400FED4B8 /* Build configuration list for PBXNativeTarget "Rubik's TimerTests" */;
			buildPhases = (
				EA339EC41A75BF0400FED4B8 /* Sources */,
				EA339EC51A75BF0400FED4B8 /* Frameworks */,
				EA339EC61A75BF0400FED4B8 /* Resources */,
			);
			buildRules = (
			);
			dependencies = (
				EA339ECA1A75BF0400FED4B8 /* PBXTargetDependency */,
			);
			name = "Rubik's TimerTests";
			productName = "Rubik's TimerTests";
			productReference = EA339EC81A75BF0400FED4B8 /* Rubik's TimerTests.xctest */;
			productType = "com.apple.product-type.bundle.unit-test";
		};
/* End PBXNativeTarget section */

/* Begin PBXProject section */
		EA339EA91A75BF0300FED4B8 /* Project object */ = {
			isa = PBXProject;
			attributes = {
				LastUpgradeCheck = 0610;
				ORGANIZATIONNAME = "Hamdan Javeed";
				TargetAttributes = {
					EA339EB01A75BF0300FED4B8 = {
						CreatedOnToolsVersion = 6.1.1;
					};
					EA339EC71A75BF0400FED4B8 = {
						CreatedOnToolsVersion = 6.1.1;
						TestTargetID = EA339EB01A75BF0300FED4B8;
					};
				};
			};
			buildConfigurationList = EA339EAC1A75BF0300FED4B8 /* Build configuration list for PBXProject "Rubik's Timer" */;
			compatibilityVersion = "Xcode 3.2";
			developmentRegion = English;
			hasScannedForEncodings = 0;
			knownRegions = (
				en,
				Base,
			);
			mainGroup = EA339EA81A75BF0300FED4B8;
			productRefGroup = EA339EB21A75BF0300FED4B8 /* Products */;
			projectDirPath = "";
			projectRoot = "";
			targets = (
				EA339EB01A75BF0300FED4B8 /* Rubik's Timer */,
				EA339EC71A75BF0400FED4B8 /* Rubik's TimerTests */,
			);
		};
/* End PBXProject section */

/* Begin PBXResourcesBuildPhase section */
		EA339EAF1A75BF0300FED4B8 /* Resources */ = {
			isa = PBXResourcesBuildPhase;
			buildActionMask = 2147483647;
			files = (
				EA339EBE1A75BF0300FED4B8 /* Main.storyboard in Resources */,
				EA339EC31A75BF0400FED4B8 /* LaunchScreen.xib in Resources */,
				EA339EC01A75BF0400FED4B8 /* Images.xcassets in Resources */,
			);
			runOnlyForDeploymentPostprocessing = 0;
		};
		EA339EC61A75BF0400FED4B8 /* Resources */ = {
			isa = PBXResourcesBuildPhase;
			buildActionMask = 2147483647;
			files = (
			);
			runOnlyForDeploymentPostprocessing = 0;
		};
/* End PBXResourcesBuildPhase section */

/* Begin PBXSourcesBuildPhase section */
		EA339EAD1A75BF0300FED4B8 /* Sources */ = {
			isa = PBXSourcesBuildPhase;
			buildActionMask = 2147483647;
			files = (
				EA7BA01B1ACB90C100CF700F /* TimerViewController.swift in Sources */,
				EA339EB71A75BF0300FED4B8 /* AppDelegate.swift in Sources */,
				EA7BA01F1ACB937600CF700F /* TimerStateMachine.swift in Sources */,
			);
			runOnlyForDeploymentPostprocessing = 0;
		};
		EA339EC41A75BF0400FED4B8 /* Sources */ = {
			isa = PBXSourcesBuildPhase;
			buildActionMask = 2147483647;
			files = (
				EA339ECF1A75BF0400FED4B8 /* Rubik_s_TimerTests.swift in Sources */,
			);
			runOnlyForDeploymentPostprocessing = 0;
		};
/* End PBXSourcesBuildPhase section */

/* Begin PBXTargetDependency section */
		EA339ECA1A75BF0400FED4B8 /* PBXTargetDependency */ = {
			isa = PBXTargetDependency;
			target = EA339EB01A75BF0300FED4B8 /* Rubik's Timer */;
			targetProxy = EA339EC91A75BF0400FED4B8 /* PBXContainerItemProxy */;
		};
/* End PBXTargetDependency section */

/* Begin PBXVariantGroup section */
		EA339EBC1A75BF0300FED4B8 /* Main.storyboard */ = {
			isa = PBXVariantGroup;
			children = (
				EA339EBD1A75BF0300FED4B8 /* Base */,
			);
			name = Main.storyboard;
			sourceTree = "<group>";
		};
		EA339EC11A75BF0400FED4B8 /* LaunchScreen.xib */ = {
			isa = PBXVariantGroup;
			children = (
				EA339EC21A75BF0400FED4B8 /* Base */,
			);
			name = LaunchScreen.xib;
			sourceTree = "<group>";
		};
/* End PBXVariantGroup section */

/* Begin XCBuildConfiguration section */
		EA339ED01A75BF0400FED4B8 /* Debug */ = {
			isa = XCBuildConfiguration;
			buildSettings = {
				ALWAYS_SEARCH_USER_PATHS = NO;
				CLANG_CXX_LANGUAGE_STANDARD = "gnu++0x";
				CLANG_CXX_LIBRARY = "libc++";
				CLANG_ENABLE_MODULES = YES;
				CLANG_ENABLE_OBJC_ARC = YES;
				CLANG_WARN_BOOL_CONVERSION = YES;
				CLANG_WARN_CONSTANT_CONVERSION = YES;
				CLANG_WARN_DIRECT_OBJC_ISA_USAGE = YES_ERROR;
				CLANG_WARN_EMPTY_BODY = YES;
				CLANG_WARN_ENUM_CONVERSION = YES;
				CLANG_WARN_INT_CONVERSION = YES;
				CLANG_WARN_OBJC_ROOT_CLASS = YES_ERROR;
				CLANG_WARN_UNREACHABLE_CODE = YES;
				CLANG_WARN__DUPLICATE_METHOD_MATCH = YES;
				"CODE_SIGN_IDENTITY[sdk=iphoneos*]" = "iPhone Developer";
				COPY_PHASE_STRIP = NO;
				ENABLE_STRICT_OBJC_MSGSEND = YES;
				GCC_C_LANGUAGE_STANDARD = gnu99;
				GCC_DYNAMIC_NO_PIC = NO;
				GCC_OPTIMIZATION_LEVEL = 0;
				GCC_PREPROCESSOR_DEFINITIONS = (
					"DEBUG=1",
					"$(inherited)",
				);
				GCC_SYMBOLS_PRIVATE_EXTERN = NO;
				GCC_WARN_64_TO_32_BIT_CONVERSION = YES;
				GCC_WARN_ABOUT_RETURN_TYPE = YES_ERROR;
				GCC_WARN_UNDECLARED_SELECTOR = YES;
				GCC_WARN_UNINITIALIZED_AUTOS = YES_AGGRESSIVE;
				GCC_WARN_UNUSED_FUNCTION = YES;
				GCC_WARN_UNUSED_VARIABLE = YES;
				IPHONEOS_DEPLOYMENT_TARGET = 8.1;
				MTL_ENABLE_DEBUG_INFO = YES;
				ONLY_ACTIVE_ARCH = YES;
				SDKROOT = iphoneos;
				SWIFT_OPTIMIZATION_LEVEL = "-Onone";
			};
			name = Debug;
		};
		EA339ED11A75BF0400FED4B8 /* Release */ = {
			isa = XCBuildConfiguration;
			buildSettings = {
				ALWAYS_SEARCH_USER_PATHS = NO;
				CLANG_CXX_LANGUAGE_STANDARD = "gnu++0x";
				CLANG_CXX_LIBRARY = "libc++";
				CLANG_ENABLE_MODULES = YES;
				CLANG_ENABLE_OBJC_ARC = YES;
				CLANG_WARN_BOOL_CONVERSION = YES;
				CLANG_WARN_CONSTANT_CONVERSION = YES;
				CLANG_WARN_DIRECT_OBJC_ISA_USAGE = YES_ERROR;
				CLANG_WARN_EMPTY_BODY = YES;
				CLANG_WARN_ENUM_CONVERSION = YES;
				CLANG_WARN_INT_CONVERSION = YES;
				CLANG_WARN_OBJC_ROOT_CLASS = YES_ERROR;
				CLANG_WARN_UNREACHABLE_CODE = YES;
				CLANG_WARN__DUPLICATE_METHOD_MATCH = YES;
				"CODE_SIGN_IDENTITY[sdk=iphoneos*]" = "iPhone Developer";
				COPY_PHASE_STRIP = YES;
				ENABLE_NS_ASSERTIONS = NO;
				ENABLE_STRICT_OBJC_MSGSEND = YES;
				GCC_C_LANGUAGE_STANDARD = gnu99;
				GCC_WARN_64_TO_32_BIT_CONVERSION = YES;
				GCC_WARN_ABOUT_RETURN_TYPE = YES_ERROR;
				GCC_WARN_UNDECLARED_SELECTOR = YES;
				GCC_WARN_UNINITIALIZED_AUTOS = YES_AGGRESSIVE;
				GCC_WARN_UNUSED_FUNCTION = YES;
				GCC_WARN_UNUSED_VARIABLE = YES;
				IPHONEOS_DEPLOYMENT_TARGET = 8.1;
				MTL_ENABLE_DEBUG_INFO = NO;
				SDKROOT = iphoneos;
				VALIDATE_PRODUCT = YES;
			};
			name = Release;
		};
		EA339ED31A75BF0400FED4B8 /* Debug */ = {
			isa = XCBuildConfiguration;
			buildSettings = {
				ASSETCATALOG_COMPILER_APPICON_NAME = AppIcon;
				INFOPLIST_FILE = "Rubik's Timer/Info.plist";
				LD_RUNPATH_SEARCH_PATHS = "$(inherited) @executable_path/Frameworks";
				PRODUCT_NAME = "$(TARGET_NAME)";
			};
			name = Debug;
		};
		EA339ED41A75BF0400FED4B8 /* Release */ = {
			isa = XCBuildConfiguration;
			buildSettings = {
				ASSETCATALOG_COMPILER_APPICON_NAME = AppIcon;
				INFOPLIST_FILE = "Rubik's Timer/Info.plist";
				LD_RUNPATH_SEARCH_PATHS = "$(inherited) @executable_path/Frameworks";
				PRODUCT_NAME = "$(TARGET_NAME)";
			};
			name = Release;
		};
		EA339ED61A75BF0400FED4B8 /* Debug */ = {
			isa = XCBuildConfiguration;
			buildSettings = {
				BUNDLE_LOADER = "$(TEST_HOST)";
				FRAMEWORK_SEARCH_PATHS = (
					"$(SDKROOT)/Developer/Library/Frameworks",
					"$(inherited)",
				);
				GCC_PREPROCESSOR_DEFINITIONS = (
					"DEBUG=1",
					"$(inherited)",
				);
				INFOPLIST_FILE = "Rubik's TimerTests/Info.plist";
				LD_RUNPATH_SEARCH_PATHS = "$(inherited) @executable_path/Frameworks @loader_path/Frameworks";
				PRODUCT_NAME = "$(TARGET_NAME)";
				TEST_HOST = "$(BUILT_PRODUCTS_DIR)/Rubik's Timer.app/Rubik's Timer";
			};
			name = Debug;
		};
		EA339ED71A75BF0400FED4B8 /* Release */ = {
			isa = XCBuildConfiguration;
			buildSettings = {
				BUNDLE_LOADER = "$(TEST_HOST)";
				FRAMEWORK_SEARCH_PATHS = (
					"$(SDKROOT)/Developer/Library/Frameworks",
					"$(inherited)",
				);
				INFOPLIST_FILE = "Rubik's TimerTests/Info.plist";
				LD_RUNPATH_SEARCH_PATHS = "$(inherited) @executable_path/Frameworks @loader_path/Frameworks";
				PRODUCT_NAME = "$(TARGET_NAME)";
				TEST_HOST = "$(BUILT_PRODUCTS_DIR)/Rubik's Timer.app/Rubik's Timer";
			};
			name = Release;
		};
/* End XCBuildConfiguration section */

/* Begin XCConfigurationList section */
		EA339EAC1A75BF0300FED4B8 /* Build configuration list for PBXProject "Rubik's Timer" */ = {
			isa = XCConfigurationList;
			buildConfigurations = (
				EA339ED01A75BF0400FED4B8 /* Debug */,
				EA339ED11A75BF0400FED4B8 /* Release */,
			);
			defaultConfigurationIsVisible = 0;
			defaultConfigurationName = Release;
		};
		EA339ED21A75BF0400FED4B8 /* Build configuration list for PBXNativeTarget "Rubik's Timer" */ = {
			isa = XCConfigurationList;
			buildConfigurations = (
				EA339ED31A75BF0400FED4B8 /* Debug */,
				EA339ED41A75BF0400FED4B8 /* Release */,
			);
			defaultConfigurationIsVisible = 0;
			defaultConfigurationName = Release;
		};
		EA339ED51A75BF0400FED4B8 /* Build configuration list for PBXNativeTarget "Rubik's TimerTests" */ = {
			isa = XCConfigurationList;
			buildConfigurations = (
				EA339ED61A75BF0400FED4B8 /* Debug */,
				EA339ED71A75BF0400FED4B8 /* Release */,
			);
			defaultConfigurationIsVisible = 0;
			defaultConfigurationName = Release;
		};
/* End XCConfigurationList section */
	};
	rootObject = EA339EA91A75BF0300FED4B8 /* Project object */;
}
