// !$*UTF8*$!
{
	archiveVersion = 1;
	classes = {
	};
	objectVersion = 46;
	objects = {

/* Begin PBXBuildFile section */
		EA4716B3186FEA7200BE12C0 /* Time.m in Sources */ = {isa = PBXBuildFile; fileRef = EA4716B2186FEA7200BE12C0 /* Time.m */; };
		EA7EC7EE186BDB1400872953 /* RubiksStatisticsViewController.m in Sources */ = {isa = PBXBuildFile; fileRef = EA7EC7ED186BDB1400872953 /* RubiksStatisticsViewController.m */; };
		EA7EC7F1186BDD9800872953 /* RubiksUtil.m in Sources */ = {isa = PBXBuildFile; fileRef = EA7EC7F0186BDD9800872953 /* RubiksUtil.m */; };
		EA9608E618669B140082B283 /* RubiksViewTimeViewController.m in Sources */ = {isa = PBXBuildFile; fileRef = EA9608E518669B140082B283 /* RubiksViewTimeViewController.m */; };
		EAD65FC8185E740800B1A9D3 /* Foundation.framework in Frameworks */ = {isa = PBXBuildFile; fileRef = EAD65FC7185E740800B1A9D3 /* Foundation.framework */; };
		EAD65FCA185E740800B1A9D3 /* CoreGraphics.framework in Frameworks */ = {isa = PBXBuildFile; fileRef = EAD65FC9185E740800B1A9D3 /* CoreGraphics.framework */; };
		EAD65FCC185E740800B1A9D3 /* UIKit.framework in Frameworks */ = {isa = PBXBuildFile; fileRef = EAD65FCB185E740800B1A9D3 /* UIKit.framework */; };
		EAD65FD2185E740800B1A9D3 /* InfoPlist.strings in Resources */ = {isa = PBXBuildFile; fileRef = EAD65FD0185E740800B1A9D3 /* InfoPlist.strings */; };
		EAD65FD4185E740800B1A9D3 /* main.m in Sources */ = {isa = PBXBuildFile; fileRef = EAD65FD3185E740800B1A9D3 /* main.m */; };
		EAD65FD8185E740800B1A9D3 /* RubiksAppDelegate.m in Sources */ = {isa = PBXBuildFile; fileRef = EAD65FD7185E740800B1A9D3 /* RubiksAppDelegate.m */; };
		EAD65FDB185E740800B1A9D3 /* Main.storyboard in Resources */ = {isa = PBXBuildFile; fileRef = EAD65FD9185E740800B1A9D3 /* Main.storyboard */; };
		EAD65FE3185E740800B1A9D3 /* Images.xcassets in Resources */ = {isa = PBXBuildFile; fileRef = EAD65FE2185E740800B1A9D3 /* Images.xcassets */; };
		EAD65FEA185E740800B1A9D3 /* XCTest.framework in Frameworks */ = {isa = PBXBuildFile; fileRef = EAD65FE9185E740800B1A9D3 /* XCTest.framework */; };
		EAD65FEB185E740800B1A9D3 /* Foundation.framework in Frameworks */ = {isa = PBXBuildFile; fileRef = EAD65FC7185E740800B1A9D3 /* Foundation.framework */; };
		EAD65FEC185E740800B1A9D3 /* UIKit.framework in Frameworks */ = {isa = PBXBuildFile; fileRef = EAD65FCB185E740800B1A9D3 /* UIKit.framework */; };
		EAD65FF4185E740800B1A9D3 /* InfoPlist.strings in Resources */ = {isa = PBXBuildFile; fileRef = EAD65FF2185E740800B1A9D3 /* InfoPlist.strings */; };
		EAD65FF6185E740800B1A9D3 /* Rubik_s_TimerTests.m in Sources */ = {isa = PBXBuildFile; fileRef = EAD65FF5185E740800B1A9D3 /* Rubik_s_TimerTests.m */; };
		EAD66001185E77B200B1A9D3 /* RubiksTimeViewController.m in Sources */ = {isa = PBXBuildFile; fileRef = EAD66000185E77B200B1A9D3 /* RubiksTimeViewController.m */; };
/* End PBXBuildFile section */

/* Begin PBXContainerItemProxy section */
		EAD65FED185E740800B1A9D3 /* PBXContainerItemProxy */ = {
			isa = PBXContainerItemProxy;
			containerPortal = EAD65FBC185E740800B1A9D3 /* Project object */;
			proxyType = 1;
			remoteGlobalIDString = EAD65FC3185E740800B1A9D3;
			remoteInfo = "Rubik's Timer";
		};
/* End PBXContainerItemProxy section */

/* Begin PBXFileReference section */
		EA4716B1186FEA7200BE12C0 /* Time.h */ = {isa = PBXFileReference; fileEncoding = 4; lastKnownFileType = sourcecode.c.h; path = Time.h; sourceTree = "<group>"; };
		EA4716B2186FEA7200BE12C0 /* Time.m */ = {isa = PBXFileReference; fileEncoding = 4; lastKnownFileType = sourcecode.c.objc; path = Time.m; sourceTree = "<group>"; };
		EA7EC7EC186BDB1400872953 /* RubiksStatisticsViewController.h */ = {isa = PBXFileReference; fileEncoding = 4; lastKnownFileType = sourcecode.c.h; path = RubiksStatisticsViewController.h; sourceTree = "<group>"; };
		EA7EC7ED186BDB1400872953 /* RubiksStatisticsViewController.m */ = {isa = PBXFileReference; fileEncoding = 4; lastKnownFileType = sourcecode.c.objc; path = RubiksStatisticsViewController.m; sourceTree = "<group>"; };
		EA7EC7EF186BDD9800872953 /* RubiksUtil.h */ = {isa = PBXFileReference; fileEncoding = 4; lastKnownFileType = sourcecode.c.h; path = RubiksUtil.h; sourceTree = "<group>"; };
		EA7EC7F0186BDD9800872953 /* RubiksUtil.m */ = {isa = PBXFileReference; fileEncoding = 4; lastKnownFileType = sourcecode.c.objc; path = RubiksUtil.m; sourceTree = "<group>"; };
		EA9608E418669B130082B283 /* RubiksViewTimeViewController.h */ = {isa = PBXFileReference; fileEncoding = 4; lastKnownFileType = sourcecode.c.h; path = RubiksViewTimeViewController.h; sourceTree = "<group>"; };
		EA9608E518669B140082B283 /* RubiksViewTimeViewController.m */ = {isa = PBXFileReference; fileEncoding = 4; lastKnownFileType = sourcecode.c.objc; path = RubiksViewTimeViewController.m; sourceTree = "<group>"; };
		EAD65FC4185E740800B1A9D3 /* Rubik's Timer.app */ = {isa = PBXFileReference; explicitFileType = wrapper.application; includeInIndex = 0; path = "Rubik's Timer.app"; sourceTree = BUILT_PRODUCTS_DIR; };
		EAD65FC7185E740800B1A9D3 /* Foundation.framework */ = {isa = PBXFileReference; lastKnownFileType = wrapper.framework; name = Foundation.framework; path = System/Library/Frameworks/Foundation.framework; sourceTree = SDKROOT; };
		EAD65FC9185E740800B1A9D3 /* CoreGraphics.framework */ = {isa = PBXFileReference; lastKnownFileType = wrapper.framework; name = CoreGraphics.framework; path = System/Library/Frameworks/CoreGraphics.framework; sourceTree = SDKROOT; };
		EAD65FCB185E740800B1A9D3 /* UIKit.framework */ = {isa = PBXFileReference; lastKnownFileType = wrapper.framework; name = UIKit.framework; path = System/Library/Frameworks/UIKit.framework; sourceTree = SDKROOT; };
		EAD65FCF185E740800B1A9D3 /* Rubik's Timer-Info.plist */ = {isa = PBXFileReference; lastKnownFileType = text.plist.xml; path = "Rubik's Timer-Info.plist"; sourceTree = "<group>"; };
		EAD65FD1185E740800B1A9D3 /* en */ = {isa = PBXFileReference; lastKnownFileType = text.plist.strings; name = en; path = en.lproj/InfoPlist.strings; sourceTree = "<group>"; };
		EAD65FD3185E740800B1A9D3 /* main.m */ = {isa = PBXFileReference; lastKnownFileType = sourcecode.c.objc; path = main.m; sourceTree = "<group>"; };
		EAD65FD5185E740800B1A9D3 /* Rubik's Timer-Prefix.pch */ = {isa = PBXFileReference; lastKnownFileType = sourcecode.c.h; path = "Rubik's Timer-Prefix.pch"; sourceTree = "<group>"; };
		EAD65FD6185E740800B1A9D3 /* RubiksAppDelegate.h */ = {isa = PBXFileReference; lastKnownFileType = sourcecode.c.h; path = RubiksAppDelegate.h; sourceTree = "<group>"; };
		EAD65FD7185E740800B1A9D3 /* RubiksAppDelegate.m */ = {isa = PBXFileReference; lastKnownFileType = sourcecode.c.objc; path = RubiksAppDelegate.m; sourceTree = "<group>"; };
		EAD65FDA185E740800B1A9D3 /* Base */ = {isa = PBXFileReference; lastKnownFileType = file.storyboard; name = Base; path = Base.lproj/Main.storyboard; sourceTree = "<group>"; };
		EAD65FE2185E740800B1A9D3 /* Images.xcassets */ = {isa = PBXFileReference; lastKnownFileType = folder.assetcatalog; path = Images.xcassets; sourceTree = "<group>"; };
		EAD65FE8185E740800B1A9D3 /* Rubik's TimerTests.xctest */ = {isa = PBXFileReference; explicitFileType = wrapper.cfbundle; includeInIndex = 0; path = "Rubik's TimerTests.xctest"; sourceTree = BUILT_PRODUCTS_DIR; };
		EAD65FE9185E740800B1A9D3 /* XCTest.framework */ = {isa = PBXFileReference; lastKnownFileType = wrapper.framework; name = XCTest.framework; path = Library/Frameworks/XCTest.framework; sourceTree = DEVELOPER_DIR; };
		EAD65FF1185E740800B1A9D3 /* Rubik's TimerTests-Info.plist */ = {isa = PBXFileReference; lastKnownFileType = text.plist.xml; path = "Rubik's TimerTests-Info.plist"; sourceTree = "<group>"; };
		EAD65FF3185E740800B1A9D3 /* en */ = {isa = PBXFileReference; lastKnownFileType = text.plist.strings; name = en; path = en.lproj/InfoPlist.strings; sourceTree = "<group>"; };
		EAD65FF5185E740800B1A9D3 /* Rubik_s_TimerTests.m */ = {isa = PBXFileReference; lastKnownFileType = sourcecode.c.objc; path = Rubik_s_TimerTests.m; sourceTree = "<group>"; };
		EAD65FFF185E77B200B1A9D3 /* RubiksTimeViewController.h */ = {isa = PBXFileReference; fileEncoding = 4; lastKnownFileType = sourcecode.c.h; path = RubiksTimeViewController.h; sourceTree = "<group>"; };
		EAD66000185E77B200B1A9D3 /* RubiksTimeViewController.m */ = {isa = PBXFileReference; fileEncoding = 4; lastKnownFileType = sourcecode.c.objc; path = RubiksTimeViewController.m; sourceTree = "<group>"; };
/* End PBXFileReference section */

/* Begin PBXFrameworksBuildPhase section */
		EAD65FC1185E740800B1A9D3 /* Frameworks */ = {
			isa = PBXFrameworksBuildPhase;
			buildActionMask = 2147483647;
			files = (
				EAD65FCA185E740800B1A9D3 /* CoreGraphics.framework in Frameworks */,
				EAD65FCC185E740800B1A9D3 /* UIKit.framework in Frameworks */,
				EAD65FC8185E740800B1A9D3 /* Foundation.framework in Frameworks */,
			);
			runOnlyForDeploymentPostprocessing = 0;
		};
		EAD65FE5185E740800B1A9D3 /* Frameworks */ = {
			isa = PBXFrameworksBuildPhase;
			buildActionMask = 2147483647;
			files = (
				EAD65FEA185E740800B1A9D3 /* XCTest.framework in Frameworks */,
				EAD65FEC185E740800B1A9D3 /* UIKit.framework in Frameworks */,
				EAD65FEB185E740800B1A9D3 /* Foundation.framework in Frameworks */,
			);
			runOnlyForDeploymentPostprocessing = 0;
		};
/* End PBXFrameworksBuildPhase section */

/* Begin PBXGroup section */
		EAD65FBB185E740800B1A9D3 = {
			isa = PBXGroup;
			children = (
				EAD65FCD185E740800B1A9D3 /* Rubik's Timer */,
				EAD65FEF185E740800B1A9D3 /* Rubik's TimerTests */,
				EAD65FC6185E740800B1A9D3 /* Frameworks */,
				EAD65FC5185E740800B1A9D3 /* Products */,
			);
			sourceTree = "<group>";
		};
		EAD65FC5185E740800B1A9D3 /* Products */ = {
			isa = PBXGroup;
			children = (
				EAD65FC4185E740800B1A9D3 /* Rubik's Timer.app */,
				EAD65FE8185E740800B1A9D3 /* Rubik's TimerTests.xctest */,
			);
			name = Products;
			sourceTree = "<group>";
		};
		EAD65FC6185E740800B1A9D3 /* Frameworks */ = {
			isa = PBXGroup;
			children = (
				EAD65FC7185E740800B1A9D3 /* Foundation.framework */,
				EAD65FC9185E740800B1A9D3 /* CoreGraphics.framework */,
				EAD65FCB185E740800B1A9D3 /* UIKit.framework */,
				EAD65FE9185E740800B1A9D3 /* XCTest.framework */,
			);
			name = Frameworks;
			sourceTree = "<group>";
		};
		EAD65FCD185E740800B1A9D3 /* Rubik's Timer */ = {
			isa = PBXGroup;
			children = (
				EAD65FD9185E740800B1A9D3 /* Main.storyboard */,
				EAD65FFF185E77B200B1A9D3 /* RubiksTimeViewController.h */,
				EAD66000185E77B200B1A9D3 /* RubiksTimeViewController.m */,
				EA7EC7EC186BDB1400872953 /* RubiksStatisticsViewController.h */,
				EA7EC7ED186BDB1400872953 /* RubiksStatisticsViewController.m */,
				EA9608E418669B130082B283 /* RubiksViewTimeViewController.h */,
				EA9608E518669B140082B283 /* RubiksViewTimeViewController.m */,
				EA7EC7EF186BDD9800872953 /* RubiksUtil.h */,
				EA7EC7F0186BDD9800872953 /* RubiksUtil.m */,
				EA4716B1186FEA7200BE12C0 /* Time.h */,
				EA4716B2186FEA7200BE12C0 /* Time.m */,
				EAD65FE2185E740800B1A9D3 /* Images.xcassets */,
				EAD65FCE185E740800B1A9D3 /* Supporting Files */,
			);
			path = "Rubik's Timer";
			sourceTree = "<group>";
		};
		EAD65FCE185E740800B1A9D3 /* Supporting Files */ = {
			isa = PBXGroup;
			children = (
				EAD65FD6185E740800B1A9D3 /* RubiksAppDelegate.h */,
				EAD65FD7185E740800B1A9D3 /* RubiksAppDelegate.m */,
				EAD65FCF185E740800B1A9D3 /* Rubik's Timer-Info.plist */,
				EAD65FD0185E740800B1A9D3 /* InfoPlist.strings */,
				EAD65FD3185E740800B1A9D3 /* main.m */,
				EAD65FD5185E740800B1A9D3 /* Rubik's Timer-Prefix.pch */,
			);
			name = "Supporting Files";
			sourceTree = "<group>";
		};
		EAD65FEF185E740800B1A9D3 /* Rubik's TimerTests */ = {
			isa = PBXGroup;
			children = (
				EAD65FF5185E740800B1A9D3 /* Rubik_s_TimerTests.m */,
				EAD65FF0185E740800B1A9D3 /* Supporting Files */,
			);
			path = "Rubik's TimerTests";
			sourceTree = "<group>";
		};
		EAD65FF0185E740800B1A9D3 /* Supporting Files */ = {
			isa = PBXGroup;
			children = (
				EAD65FF1185E740800B1A9D3 /* Rubik's TimerTests-Info.plist */,
				EAD65FF2185E740800B1A9D3 /* InfoPlist.strings */,
			);
			name = "Supporting Files";
			sourceTree = "<group>";
		};
/* End PBXGroup section */

/* Begin PBXNativeTarget section */
		EAD65FC3185E740800B1A9D3 /* Rubik's Timer */ = {
			isa = PBXNativeTarget;
			buildConfigurationList = EAD65FF9185E740800B1A9D3 /* Build configuration list for PBXNativeTarget "Rubik's Timer" */;
			buildPhases = (
				EAD65FC0185E740800B1A9D3 /* Sources */,
				EAD65FC1185E740800B1A9D3 /* Frameworks */,
				EAD65FC2185E740800B1A9D3 /* Resources */,
			);
			buildRules = (
			);
			dependencies = (
			);
			name = "Rubik's Timer";
			productName = "Rubik's Timer";
			productReference = EAD65FC4185E740800B1A9D3 /* Rubik's Timer.app */;
			productType = "com.apple.product-type.application";
		};
		EAD65FE7185E740800B1A9D3 /* Rubik's TimerTests */ = {
			isa = PBXNativeTarget;
			buildConfigurationList = EAD65FFC185E740800B1A9D3 /* Build configuration list for PBXNativeTarget "Rubik's TimerTests" */;
			buildPhases = (
				EAD65FE4185E740800B1A9D3 /* Sources */,
				EAD65FE5185E740800B1A9D3 /* Frameworks */,
				EAD65FE6185E740800B1A9D3 /* Resources */,
			);
			buildRules = (
			);
			dependencies = (
				EAD65FEE185E740800B1A9D3 /* PBXTargetDependency */,
			);
			name = "Rubik's TimerTests";
			productName = "Rubik's TimerTests";
			productReference = EAD65FE8185E740800B1A9D3 /* Rubik's TimerTests.xctest */;
			productType = "com.apple.product-type.bundle.unit-test";
		};
/* End PBXNativeTarget section */

/* Begin PBXProject section */
		EAD65FBC185E740800B1A9D3 /* Project object */ = {
			isa = PBXProject;
			attributes = {
				CLASSPREFIX = Rubiks;
				LastUpgradeCheck = 0500;
				ORGANIZATIONNAME = "Hamdan Javeed";
				TargetAttributes = {
					EAD65FE7185E740800B1A9D3 = {
						TestTargetID = EAD65FC3185E740800B1A9D3;
					};
				};
			};
			buildConfigurationList = EAD65FBF185E740800B1A9D3 /* Build configuration list for PBXProject "Rubik's Timer" */;
			compatibilityVersion = "Xcode 3.2";
			developmentRegion = English;
			hasScannedForEncodings = 0;
			knownRegions = (
				en,
				Base,
			);
			mainGroup = EAD65FBB185E740800B1A9D3;
			productRefGroup = EAD65FC5185E740800B1A9D3 /* Products */;
			projectDirPath = "";
			projectRoot = "";
			targets = (
				EAD65FC3185E740800B1A9D3 /* Rubik's Timer */,
				EAD65FE7185E740800B1A9D3 /* Rubik's TimerTests */,
			);
		};
/* End PBXProject section */

/* Begin PBXResourcesBuildPhase section */
		EAD65FC2185E740800B1A9D3 /* Resources */ = {
			isa = PBXResourcesBuildPhase;
			buildActionMask = 2147483647;
			files = (
				EAD65FE3185E740800B1A9D3 /* Images.xcassets in Resources */,
				EAD65FD2185E740800B1A9D3 /* InfoPlist.strings in Resources */,
				EAD65FDB185E740800B1A9D3 /* Main.storyboard in Resources */,
			);
			runOnlyForDeploymentPostprocessing = 0;
		};
		EAD65FE6185E740800B1A9D3 /* Resources */ = {
			isa = PBXResourcesBuildPhase;
			buildActionMask = 2147483647;
			files = (
				EAD65FF4185E740800B1A9D3 /* InfoPlist.strings in Resources */,
			);
			runOnlyForDeploymentPostprocessing = 0;
		};
/* End PBXResourcesBuildPhase section */

/* Begin PBXSourcesBuildPhase section */
		EAD65FC0185E740800B1A9D3 /* Sources */ = {
			isa = PBXSourcesBuildPhase;
			buildActionMask = 2147483647;
			files = (
				EA7EC7EE186BDB1400872953 /* RubiksStatisticsViewController.m in Sources */,
				EAD65FD8185E740800B1A9D3 /* RubiksAppDelegate.m in Sources */,
				EAD65FD4185E740800B1A9D3 /* main.m in Sources */,
				EA4716B3186FEA7200BE12C0 /* Time.m in Sources */,
				EA9608E618669B140082B283 /* RubiksViewTimeViewController.m in Sources */,
				EAD66001185E77B200B1A9D3 /* RubiksTimeViewController.m in Sources */,
				EA7EC7F1186BDD9800872953 /* RubiksUtil.m in Sources */,
			);
			runOnlyForDeploymentPostprocessing = 0;
		};
		EAD65FE4185E740800B1A9D3 /* Sources */ = {
			isa = PBXSourcesBuildPhase;
			buildActionMask = 2147483647;
			files = (
				EAD65FF6185E740800B1A9D3 /* Rubik_s_TimerTests.m in Sources */,
			);
			runOnlyForDeploymentPostprocessing = 0;
		};
/* End PBXSourcesBuildPhase section */

/* Begin PBXTargetDependency section */
		EAD65FEE185E740800B1A9D3 /* PBXTargetDependency */ = {
			isa = PBXTargetDependency;
			target = EAD65FC3185E740800B1A9D3 /* Rubik's Timer */;
			targetProxy = EAD65FED185E740800B1A9D3 /* PBXContainerItemProxy */;
		};
/* End PBXTargetDependency section */

/* Begin PBXVariantGroup section */
		EAD65FD0185E740800B1A9D3 /* InfoPlist.strings */ = {
			isa = PBXVariantGroup;
			children = (
				EAD65FD1185E740800B1A9D3 /* en */,
			);
			name = InfoPlist.strings;
			sourceTree = "<group>";
		};
		EAD65FD9185E740800B1A9D3 /* Main.storyboard */ = {
			isa = PBXVariantGroup;
			children = (
				EAD65FDA185E740800B1A9D3 /* Base */,
			);
			name = Main.storyboard;
			sourceTree = "<group>";
		};
		EAD65FF2185E740800B1A9D3 /* InfoPlist.strings */ = {
			isa = PBXVariantGroup;
			children = (
				EAD65FF3185E740800B1A9D3 /* en */,
			);
			name = InfoPlist.strings;
			sourceTree = "<group>";
		};
/* End PBXVariantGroup section */

/* Begin XCBuildConfiguration section */
		EAD65FF7185E740800B1A9D3 /* Debug */ = {
			isa = XCBuildConfiguration;
			buildSettings = {
				ALWAYS_SEARCH_USER_PATHS = NO;
				ARCHS = "$(ARCHS_STANDARD_INCLUDING_64_BIT)";
				CLANG_CXX_LANGUAGE_STANDARD = "gnu++0x";
				CLANG_CXX_LIBRARY = "libc++";
				CLANG_ENABLE_MODULES = YES;
				CLANG_ENABLE_OBJC_ARC = YES;
				CLANG_WARN_BOOL_CONVERSION = YES;
				CLANG_WARN_CONSTANT_CONVERSION = YES;
				CLANG_WARN_DIRECT_OBJC_ISA_USAGE = YES_ERROR;
				CLANG_WARN_EMPTY_BODY = YES;
				CLANG_WARN_ENUM_CONVERSION = YES;
				CLANG_WARN_INT_CONVERSION = YES;
				CLANG_WARN_OBJC_ROOT_CLASS = YES_ERROR;
				CLANG_WARN__DUPLICATE_METHOD_MATCH = YES;
				"CODE_SIGN_IDENTITY[sdk=iphoneos*]" = "iPhone Developer";
				COPY_PHASE_STRIP = NO;
				GCC_C_LANGUAGE_STANDARD = gnu99;
				GCC_DYNAMIC_NO_PIC = NO;
				GCC_OPTIMIZATION_LEVEL = 0;
				GCC_PREPROCESSOR_DEFINITIONS = (
					"DEBUG=1",
					"$(inherited)",
				);
				GCC_SYMBOLS_PRIVATE_EXTERN = NO;
				GCC_WARN_64_TO_32_BIT_CONVERSION = YES;
				GCC_WARN_ABOUT_RETURN_TYPE = YES_ERROR;
				GCC_WARN_UNDECLARED_SELECTOR = YES;
				GCC_WARN_UNINITIALIZED_AUTOS = YES;
				GCC_WARN_UNUSED_FUNCTION = YES;
				GCC_WARN_UNUSED_VARIABLE = YES;
				IPHONEOS_DEPLOYMENT_TARGET = 7.0;
				ONLY_ACTIVE_ARCH = YES;
				SDKROOT = iphoneos;
			};
			name = Debug;
		};
		EAD65FF8185E740800B1A9D3 /* Release */ = {
			isa = XCBuildConfiguration;
			buildSettings = {
				ALWAYS_SEARCH_USER_PATHS = NO;
				ARCHS = "$(ARCHS_STANDARD_INCLUDING_64_BIT)";
				CLANG_CXX_LANGUAGE_STANDARD = "gnu++0x";
				CLANG_CXX_LIBRARY = "libc++";
				CLANG_ENABLE_MODULES = YES;
				CLANG_ENABLE_OBJC_ARC = YES;
				CLANG_WARN_BOOL_CONVERSION = YES;
				CLANG_WARN_CONSTANT_CONVERSION = YES;
				CLANG_WARN_DIRECT_OBJC_ISA_USAGE = YES_ERROR;
				CLANG_WARN_EMPTY_BODY = YES;
				CLANG_WARN_ENUM_CONVERSION = YES;
				CLANG_WARN_INT_CONVERSION = YES;
				CLANG_WARN_OBJC_ROOT_CLASS = YES_ERROR;
				CLANG_WARN__DUPLICATE_METHOD_MATCH = YES;
				"CODE_SIGN_IDENTITY[sdk=iphoneos*]" = "iPhone Developer";
				COPY_PHASE_STRIP = YES;
				ENABLE_NS_ASSERTIONS = NO;
				GCC_C_LANGUAGE_STANDARD = gnu99;
				GCC_WARN_64_TO_32_BIT_CONVERSION = YES;
				GCC_WARN_ABOUT_RETURN_TYPE = YES_ERROR;
				GCC_WARN_UNDECLARED_SELECTOR = YES;
				GCC_WARN_UNINITIALIZED_AUTOS = YES;
				GCC_WARN_UNUSED_FUNCTION = YES;
				GCC_WARN_UNUSED_VARIABLE = YES;
				IPHONEOS_DEPLOYMENT_TARGET = 7.0;
				SDKROOT = iphoneos;
				VALIDATE_PRODUCT = YES;
			};
			name = Release;
		};
		EAD65FFA185E740800B1A9D3 /* Debug */ = {
			isa = XCBuildConfiguration;
			buildSettings = {
				ASSETCATALOG_COMPILER_APPICON_NAME = AppIcon;
				ASSETCATALOG_COMPILER_LAUNCHIMAGE_NAME = LaunchImage;
				GCC_PRECOMPILE_PREFIX_HEADER = YES;
				GCC_PREFIX_HEADER = "Rubik's Timer/Rubik's Timer-Prefix.pch";
				INFOPLIST_FILE = "Rubik's Timer/Rubik's Timer-Info.plist";
				PRODUCT_NAME = "$(TARGET_NAME)";
				WRAPPER_EXTENSION = app;
			};
			name = Debug;
		};
		EAD65FFB185E740800B1A9D3 /* Release */ = {
			isa = XCBuildConfiguration;
			buildSettings = {
				ASSETCATALOG_COMPILER_APPICON_NAME = AppIcon;
				ASSETCATALOG_COMPILER_LAUNCHIMAGE_NAME = LaunchImage;
				GCC_PRECOMPILE_PREFIX_HEADER = YES;
				GCC_PREFIX_HEADER = "Rubik's Timer/Rubik's Timer-Prefix.pch";
				INFOPLIST_FILE = "Rubik's Timer/Rubik's Timer-Info.plist";
				PRODUCT_NAME = "$(TARGET_NAME)";
				WRAPPER_EXTENSION = app;
			};
			name = Release;
		};
		EAD65FFD185E740800B1A9D3 /* Debug */ = {
			isa = XCBuildConfiguration;
			buildSettings = {
				ARCHS = "$(ARCHS_STANDARD_INCLUDING_64_BIT)";
				BUNDLE_LOADER = "$(BUILT_PRODUCTS_DIR)/Rubik's Timer.app/Rubik's Timer";
				FRAMEWORK_SEARCH_PATHS = (
					"$(SDKROOT)/Developer/Library/Frameworks",
					"$(inherited)",
					"$(DEVELOPER_FRAMEWORKS_DIR)",
				);
				GCC_PRECOMPILE_PREFIX_HEADER = YES;
				GCC_PREFIX_HEADER = "Rubik's Timer/Rubik's Timer-Prefix.pch";
				GCC_PREPROCESSOR_DEFINITIONS = (
					"DEBUG=1",
					"$(inherited)",
				);
				INFOPLIST_FILE = "Rubik's TimerTests/Rubik's TimerTests-Info.plist";
				PRODUCT_NAME = "$(TARGET_NAME)";
				TEST_HOST = "$(BUNDLE_LOADER)";
				WRAPPER_EXTENSION = xctest;
			};
			name = Debug;
		};
		EAD65FFE185E740800B1A9D3 /* Release */ = {
			isa = XCBuildConfiguration;
			buildSettings = {
				ARCHS = "$(ARCHS_STANDARD_INCLUDING_64_BIT)";
				BUNDLE_LOADER = "$(BUILT_PRODUCTS_DIR)/Rubik's Timer.app/Rubik's Timer";
				FRAMEWORK_SEARCH_PATHS = (
					"$(SDKROOT)/Developer/Library/Frameworks",
					"$(inherited)",
					"$(DEVELOPER_FRAMEWORKS_DIR)",
				);
				GCC_PRECOMPILE_PREFIX_HEADER = YES;
				GCC_PREFIX_HEADER = "Rubik's Timer/Rubik's Timer-Prefix.pch";
				INFOPLIST_FILE = "Rubik's TimerTests/Rubik's TimerTests-Info.plist";
				PRODUCT_NAME = "$(TARGET_NAME)";
				TEST_HOST = "$(BUNDLE_LOADER)";
				WRAPPER_EXTENSION = xctest;
			};
			name = Release;
		};
/* End XCBuildConfiguration section */

/* Begin XCConfigurationList section */
		EAD65FBF185E740800B1A9D3 /* Build configuration list for PBXProject "Rubik's Timer" */ = {
			isa = XCConfigurationList;
			buildConfigurations = (
				EAD65FF7185E740800B1A9D3 /* Debug */,
				EAD65FF8185E740800B1A9D3 /* Release */,
			);
			defaultConfigurationIsVisible = 0;
			defaultConfigurationName = Release;
		};
		EAD65FF9185E740800B1A9D3 /* Build configuration list for PBXNativeTarget "Rubik's Timer" */ = {
			isa = XCConfigurationList;
			buildConfigurations = (
				EAD65FFA185E740800B1A9D3 /* Debug */,
				EAD65FFB185E740800B1A9D3 /* Release */,
			);
			defaultConfigurationIsVisible = 0;
			defaultConfigurationName = Release;
		};
		EAD65FFC185E740800B1A9D3 /* Build configuration list for PBXNativeTarget "Rubik's TimerTests" */ = {
			isa = XCConfigurationList;
			buildConfigurations = (
				EAD65FFD185E740800B1A9D3 /* Debug */,
				EAD65FFE185E740800B1A9D3 /* Release */,
			);
			defaultConfigurationIsVisible = 0;
			defaultConfigurationName = Release;
		};
/* End XCConfigurationList section */
	};
	rootObject = EAD65FBC185E740800B1A9D3 /* Project object */;
}
